<?xml version='1.0' encoding='UTF-8'?>
<Scheme LastUpgradeVersion="2660" version="1.7">
  <BuildAction parallelizeBuildables="YES" buildImplicitDependencies="YES">
    <BuildActionEntries>
      <BuildActionEntry buildForTesting="YES" buildForRunning="YES" buildForProfiling="YES" buildForArchiving="YES" buildForAnalyzing="YES">
        <BuildableReference BuildableIdentifier="primary" BlueprintIdentifier="21EDC9F4754B2B3602378B0C" BuildableName="GameNight.app" BlueprintName="GameNight" ReferencedContainer="container:GameNight.xcodeproj" />
      </BuildActionEntry>
      <BuildActionEntry buildForTesting="YES" buildForRunning="NO" buildForProfiling="NO" buildForArchiving="NO" buildForAnalyzing="NO">
        <BuildableReference BuildableIdentifier="primary" BlueprintIdentifier="BAE1FA9EAB7BE4CD8CA8C7C3" BuildableName="GameNightTests.xctest" BlueprintName="GameNightTests" ReferencedContainer="container:GameNight.xcodeproj" />
      </BuildActionEntry>
      <BuildActionEntry buildForTesting="YES" buildForRunning="NO" buildForProfiling="NO" buildForArchiving="NO" buildForAnalyzing="NO">
        <BuildableReference BuildableIdentifier="primary" BlueprintIdentifier="7DF13865DC9ED59F4F8EAA36" BuildableName="GameNightUITests.xctest" BlueprintName="GameNightUITests" ReferencedContainer="container:GameNight.xcodeproj" />
      </BuildActionEntry>
    </BuildActionEntries>
  </BuildAction>
  <TestAction buildConfiguration="Debug" selectedDebuggerIdentifier="Xcode.DebuggerFoundation.Debugger.LLDB" selectedLauncherIdentifier="Xcode.IDEFoundation.Launcher.LLDB" shouldUseLaunchSchemeArgsEnv="YES">
    <Testables>
      <TestableReference skipped="NO" parallelizable="NO">
        <BuildableReference BuildableIdentifier="primary" BlueprintIdentifier="BAE1FA9EAB7BE4CD8CA8C7C3" BuildableName="GameNightTests.xctest" BlueprintName="GameNightTests" ReferencedContainer="container:GameNight.xcodeproj" />
      </TestableReference>
      <TestableReference skipped="NO" parallelizable="NO">
        <BuildableReference BuildableIdentifier="primary" BlueprintIdentifier="7DF13865DC9ED59F4F8EAA36" BuildableName="GameNightUITests.xctest" BlueprintName="GameNightUITests" ReferencedContainer="container:GameNight.xcodeproj" />
      </TestableReference>
    </Testables>
  </TestAction>
  <LaunchAction buildConfiguration="Debug" selectedDebuggerIdentifier="Xcode.DebuggerFoundation.Debugger.LLDB" selectedLauncherIdentifier="Xcode.IDEFoundation.Launcher.LLDB" launchStyle="0" useCustomWorkingDirectory="NO" ignoresPersistentStateOnLaunch="NO" debugDocumentVersioning="YES" debugServiceExtension="internal" allowLocationSimulation="NO">
    <BuildableProductRunnable runnableDebuggingMode="0">
      <BuildableReference BuildableIdentifier="primary" BlueprintIdentifier="21EDC9F4754B2B3602378B0C" BuildableName="GameNight.app" BlueprintName="GameNight" ReferencedContainer="container:GameNight.xcodeproj" />
    </BuildableProductRunnable>
  </LaunchAction>
  <ProfileAction buildConfiguration="Release" shouldUseLaunchSchemeArgsEnv="YES" savedToolIdentifier="" useCustomWorkingDirectory="NO" debugDocumentVersioning="YES">
    <BuildableProductRunnable runnableDebuggingMode="0">
      <BuildableReference BuildableIdentifier="primary" BlueprintIdentifier="21EDC9F4754B2B3602378B0C" BuildableName="GameNight.app" BlueprintName="GameNight" ReferencedContainer="container:GameNight.xcodeproj" />
    </BuildableProductRunnable>
  </ProfileAction>
  <AnalyzeAction buildConfiguration="Debug" />
  <ArchiveAction buildConfiguration="Release" revealArchiveInOrganizer="YES" />
</Scheme>